Microsoft Visual Studio Solution File, Format Version 12.00
# Visual Studio Version 17
VisualStudioVersion = 17.0.31903.59
MinimumVisualStudioVersion = 10.0.40219.1
Project("{FAE04EC0-301F-11D3-BF4B-00C04F79EFBC}") = "Common", "Common\Common.csproj", "{FC1C7AD7-EE3D-4C6A-9E02-134E32BD417A}"
EndProject
Project("{FAE04EC0-301F-11D3-BF4B-00C04F79EFBC}") = "Service", "Service\Service.csproj", "{89F5DCEC-C3DA-48EC-B489-2EE40BF35B58}"
EndProject
Project("{FAE04EC0-301F-11D3-BF4B-00C04F79EFBC}") = "Client", "Client\Client.csproj", "{B664B289-98BB-42B8-862F-E9448BF85096}"
EndProject
Global
	GlobalSection(SolutionConfigurationPlatforms) = preSolution
		Debug|Any CPU = Debug|Any CPU
		Release|Any CPU = Release|Any CPU
	EndGlobalSection
	GlobalSection(ProjectConfigurationPlatforms) = postSolution
		{FC1C7AD7-EE3D-4C6A-9E02-134E32BD417A}.Debug|Any CPU.ActiveCfg = Debug|Any CPU
		{FC1C7AD7-EE3D-4C6A-9E02-134E32BD417A}.Debug|Any CPU.Build.0 = Debug|Any CPU
		{FC1C7AD7-EE3D-4C6A-9E02-134E32BD417A}.Release|Any CPU.ActiveCfg = Release|Any CPU
		{FC1C7AD7-EE3D-4C6A-9E02-134E32BD417A}.Release|Any CPU.Build.0 = Release|Any CPU
		{89F5DCEC-C3DA-48EC-B489-2EE40BF35B58}.Debug|Any CPU.ActiveCfg = Debug|Any CPU
		{89F5DCEC-C3DA-48EC-B489-2EE40BF35B58}.Debug|Any CPU.Build.0 = Debug|Any CPU
		{89F5DCEC-C3DA-48EC-B489-2EE40BF35B58}.Release|Any CPU.ActiveCfg = Release|Any CPU
		{89F5DCEC-C3DA-48EC-B489-2EE40BF35B58}.Release|Any CPU.Build.0 = Release|Any CPU
		{B664B289-98BB-42B8-862F-E9448BF85096}.Debug|Any CPU.ActiveCfg = Debug|Any CPU
		{B664B289-98BB-42B8-862F-E9448BF85096}.Debug|Any CPU.Build.0 = Debug|Any CPU
		{B664B289-98BB-42B8-862F-E9448BF85096}.Release|Any CPU.ActiveCfg = Release|Any CPU
		{B664B289-98BB-42B8-862F-E9448BF85096}.Release|Any CPU.Build.0 = Release|Any CPU
	EndGlobalSection
	GlobalSection(SolutionProperties) = preSolution
		HideSolutionNode = FALSE
	EndGlobalSection
	GlobalSection(ExtensibilityGlobals) = postSolution
		SolutionGuid = {87C91560-FCB8-46B9-8835-40AB77A402E5}
	EndGlobalSection
EndGlobal
